
Microsoft Visual Studio Solution File, Format Version 12.00
# Visual Studio Version 17
VisualStudioVersion = 17.14.36429.23 d17.14
MinimumVisualStudioVersion = 10.0.40219.1
Project("{2150E333-8FDC-42A3-9474-1A3956D46DE8}") = "src", "src", "{7FA07B46-A23D-4993-B0FE-FC6578667D65}"
EndProject
Project("{FAE04EC0-301F-11D3-BF4B-00C04F79EFBC}") = "Products.Api", "src\Products.Api\Products.Api.csproj", "{9E75DC90-B61E-1497-88D5-82F3210DDF0E}"
EndProject
Global
	GlobalSection(SolutionConfigurationPlatforms) = preSolution
		Debug|Any CPU = Debug|Any CPU
		Release|Any CPU = Release|Any CPU
	EndGlobalSection
	GlobalSection(ProjectConfigurationPlatforms) = postSolution
		{9E75DC90-B61E-1497-88D5-82F3210DDF0E}.Debug|Any CPU.ActiveCfg = Debug|Any CPU
		{9E75DC90-B61E-1497-88D5-82F3210DDF0E}.Debug|Any CPU.Build.0 = Debug|Any CPU
		{9E75DC90-B61E-1497-88D5-82F3210DDF0E}.Release|Any CPU.ActiveCfg = Release|Any CPU
		{9E75DC90-B61E-1497-88D5-82F3210DDF0E}.Release|Any CPU.Build.0 = Release|Any CPU
	EndGlobalSection
	GlobalSection(SolutionProperties) = preSolution
		HideSolutionNode = FALSE
	EndGlobalSection
	GlobalSection(NestedProjects) = preSolution
		{9E75DC90-B61E-1497-88D5-82F3210DDF0E} = {7FA07B46-A23D-4993-B0FE-FC6578667D65}
	EndGlobalSection
EndGlobal
